
Microsoft Visual Studio Solution File, Format Version 12.00
# Visual Studio 15
VisualStudioVersion = 15.0.28307.1300
MinimumVisualStudioVersion = 10.0.40219.1
Project("{FAE04EC0-301F-11D3-BF4B-00C04F79EFBC}") = "ServerConfigRest_041_MuhammadMiqdadGhifar", "ServerConfigRest_041_MuhammadMiqdadGhifar\ServerConfigRest_041_MuhammadMiqdadGhifar.csproj", "{93E785D7-3708-403E-99D8-6EB5A710700F}"
EndProject
Global
	GlobalSection(SolutionConfigurationPlatforms) = preSolution
		Debug|Any CPU = Debug|Any CPU
		Release|Any CPU = Release|Any CPU
	EndGlobalSection
	GlobalSection(ProjectConfigurationPlatforms) = postSolution
		{93E785D7-3708-403E-99D8-6EB5A710700F}.Debug|Any CPU.ActiveCfg = Debug|Any CPU
		{93E785D7-3708-403E-99D8-6EB5A710700F}.Debug|Any CPU.Build.0 = Debug|Any CPU
		{93E785D7-3708-403E-99D8-6EB5A710700F}.Release|Any CPU.ActiveCfg = Release|Any CPU
		{93E785D7-3708-403E-99D8-6EB5A710700F}.Release|Any CPU.Build.0 = Release|Any CPU
	EndGlobalSection
	GlobalSection(SolutionProperties) = preSolution
		HideSolutionNode = FALSE
	EndGlobalSection
	GlobalSection(ExtensibilityGlobals) = postSolution
		SolutionGuid = {7E15FD29-F5B4-4CF6-854A-6B8DB7C65A92}
	EndGlobalSection
EndGlobal
